
Microsoft Visual Studio Solution File, Format Version 12.00
# Visual Studio Version 16
VisualStudioVersion = 16.0.28922.388
MinimumVisualStudioVersion = 10.0.40219.1
Project("{9A19103F-16F7-4668-BE54-9A1E7A4F7556}") = "NetelloBusinessSolution", "NetelloBusinessSolution.csproj", "{44167983-EEC3-4719-A288-AE81FEA11159}"
EndProject
Global
	GlobalSection(SolutionConfigurationPlatforms) = preSolution
		Debug|Any CPU = Debug|Any CPU
		Release|Any CPU = Release|Any CPU
	EndGlobalSection
	GlobalSection(ProjectConfigurationPlatforms) = postSolution
		{44167983-EEC3-4719-A288-AE81FEA11159}.Debug|Any CPU.ActiveCfg = Debug|Any CPU
		{44167983-EEC3-4719-A288-AE81FEA11159}.Debug|Any CPU.Build.0 = Debug|Any CPU
		{44167983-EEC3-4719-A288-AE81FEA11159}.Release|Any CPU.ActiveCfg = Release|Any CPU
		{44167983-EEC3-4719-A288-AE81FEA11159}.Release|Any CPU.Build.0 = Release|Any CPU
	EndGlobalSection
	GlobalSection(SolutionProperties) = preSolution
		HideSolutionNode = FALSE
	EndGlobalSection
	GlobalSection(ExtensibilityGlobals) = postSolution
		SolutionGuid = {ECE8C3FB-B3B1-431B-AD08-C6C866359014}
	EndGlobalSection
EndGlobal
