
Microsoft Visual Studio Solution File, Format Version 12.00
# Visual Studio Version 16
VisualStudioVersion = 16.0.28922.388
MinimumVisualStudioVersion = 10.0.40219.1
Project("{FAE04EC0-301F-11D3-BF4B-00C04F79EFBC}") = "PROSupport", "PROSupport.csproj", "{79E349AA-AB23-4C66-8F5F-63385FECA4D0}"
EndProject
Global
	GlobalSection(SolutionConfigurationPlatforms) = preSolution
		Debug|Any CPU = Debug|Any CPU
		Release|Any CPU = Release|Any CPU
	EndGlobalSection
	GlobalSection(ProjectConfigurationPlatforms) = postSolution
		{79E349AA-AB23-4C66-8F5F-63385FECA4D0}.Debug|Any CPU.ActiveCfg = Debug|Any CPU
		{79E349AA-AB23-4C66-8F5F-63385FECA4D0}.Debug|Any CPU.Build.0 = Debug|Any CPU
		{79E349AA-AB23-4C66-8F5F-63385FECA4D0}.Release|Any CPU.ActiveCfg = Release|Any CPU
		{79E349AA-AB23-4C66-8F5F-63385FECA4D0}.Release|Any CPU.Build.0 = Release|Any CPU
	EndGlobalSection
	GlobalSection(SolutionProperties) = preSolution
		HideSolutionNode = FALSE
	EndGlobalSection
	GlobalSection(ExtensibilityGlobals) = postSolution
		SolutionGuid = {54582A4E-A120-4B80-ABE4-C3C5CF81B8B3}
	EndGlobalSection
EndGlobal
